// !$*UTF8*$!
{
	archiveVersion = 1;
	classes = {
	};
	objectVersion = 50;
	objects = {

/* Begin PBXBuildFile section */
		A32E2FF3209F30F5004FFBCD /* AppDelegate.swift in Sources */ = {isa = PBXBuildFile; fileRef = A32E2FF2209F30F5004FFBCD /* AppDelegate.swift */; };
		A32E2FF5209F30F5004FFBCD /* TodoListViewController.swift in Sources */ = {isa = PBXBuildFile; fileRef = A32E2FF4209F30F5004FFBCD /* TodoListViewController.swift */; };
		A32E2FF8209F30F5004FFBCD /* Main.storyboard in Resources */ = {isa = PBXBuildFile; fileRef = A32E2FF6209F30F5004FFBCD /* Main.storyboard */; };
		A32E2FFA209F310A004FFBCD /* Assets.xcassets in Resources */ = {isa = PBXBuildFile; fileRef = A32E2FF9209F310A004FFBCD /* Assets.xcassets */; };
		A32E2FFD209F310A004FFBCD /* LaunchScreen.storyboard in Resources */ = {isa = PBXBuildFile; fileRef = A32E2FFB209F310A004FFBCD /* LaunchScreen.storyboard */; };
		A390940620A9733600ED8234 /* CatagoryViewController.swift in Sources */ = {isa = PBXBuildFile; fileRef = A390940520A9733600ED8234 /* CatagoryViewController.swift */; };
		A3D15CA420AAE3EC00C4C31D /* Item.swift in Sources */ = {isa = PBXBuildFile; fileRef = A3D15CA320AAE3EC00C4C31D /* Item.swift */; };
		A3D15CA620AAE3FF00C4C31D /* Category.swift in Sources */ = {isa = PBXBuildFile; fileRef = A3D15CA520AAE3FF00C4C31D /* Category.swift */; };
		BF8897814507A6468E5080AB /* Pods_Todoey.framework in Frameworks */ = {isa = PBXBuildFile; fileRef = 466FF23488B0F30C21FD8A1F /* Pods_Todoey.framework */; };
/* End PBXBuildFile section */

/* Begin PBXFileReference section */
		466FF23488B0F30C21FD8A1F /* Pods_Todoey.framework */ = {isa = PBXFileReference; explicitFileType = wrapper.framework; includeInIndex = 0; path = Pods_Todoey.framework; sourceTree = BUILT_PRODUCTS_DIR; };
		63962940587601C9C38F67DD /* Pods-Todoey.debug.xcconfig */ = {isa = PBXFileReference; includeInIndex = 1; lastKnownFileType = text.xcconfig; name = "Pods-Todoey.debug.xcconfig"; path = "Pods/Target Support Files/Pods-Todoey/Pods-Todoey.debug.xcconfig"; sourceTree = "<group>"; };
		893255FA96D60128308FABC4 /* Pods-Todoey.release.xcconfig */ = {isa = PBXFileReference; includeInIndex = 1; lastKnownFileType = text.xcconfig; name = "Pods-Todoey.release.xcconfig"; path = "Pods/Target Support Files/Pods-Todoey/Pods-Todoey.release.xcconfig"; sourceTree = "<group>"; };
		A32E2FEF209F30F5004FFBCD /* Todoey.app */ = {isa = PBXFileReference; explicitFileType = wrapper.application; includeInIndex = 0; path = Todoey.app; sourceTree = BUILT_PRODUCTS_DIR; };
		A32E2FF2209F30F5004FFBCD /* AppDelegate.swift */ = {isa = PBXFileReference; lastKnownFileType = sourcecode.swift; path = AppDelegate.swift; sourceTree = "<group>"; };
		A32E2FF4209F30F5004FFBCD /* TodoListViewController.swift */ = {isa = PBXFileReference; lastKnownFileType = sourcecode.swift; path = TodoListViewController.swift; sourceTree = "<group>"; };
		A32E2FF7209F30F5004FFBCD /* Base */ = {isa = PBXFileReference; lastKnownFileType = file.storyboard; name = Base; path = Base.lproj/Main.storyboard; sourceTree = "<group>"; };
		A32E2FF9209F310A004FFBCD /* Assets.xcassets */ = {isa = PBXFileReference; lastKnownFileType = folder.assetcatalog; path = Assets.xcassets; sourceTree = "<group>"; };
		A32E2FFC209F310A004FFBCD /* Base */ = {isa = PBXFileReference; lastKnownFileType = file.storyboard; name = Base; path = Base.lproj/LaunchScreen.storyboard; sourceTree = "<group>"; };
		A32E2FFE209F310A004FFBCD /* Info.plist */ = {isa = PBXFileReference; lastKnownFileType = text.plist.xml; path = Info.plist; sourceTree = "<group>"; };
		A390940520A9733600ED8234 /* CatagoryViewController.swift */ = {isa = PBXFileReference; lastKnownFileType = sourcecode.swift; path = CatagoryViewController.swift; sourceTree = "<group>"; };
		A3D15CA320AAE3EC00C4C31D /* Item.swift */ = {isa = PBXFileReference; lastKnownFileType = sourcecode.swift; path = Item.swift; sourceTree = "<group>"; };
		A3D15CA520AAE3FF00C4C31D /* Category.swift */ = {isa = PBXFileReference; lastKnownFileType = sourcecode.swift; path = Category.swift; sourceTree = "<group>"; };
/* End PBXFileReference section */

/* Begin PBXFrameworksBuildPhase section */
		A32E2FEC209F30F5004FFBCD /* Frameworks */ = {
			isa = PBXFrameworksBuildPhase;
			buildActionMask = 2147483647;
			files = (
				BF8897814507A6468E5080AB /* Pods_Todoey.framework in Frameworks */,
			);
			runOnlyForDeploymentPostprocessing = 0;
		};
/* End PBXFrameworksBuildPhase section */

/* Begin PBXGroup section */
		488F2080D5CB06080774CB5C /* Pods */ = {
			isa = PBXGroup;
			children = (
				63962940587601C9C38F67DD /* Pods-Todoey.debug.xcconfig */,
				893255FA96D60128308FABC4 /* Pods-Todoey.release.xcconfig */,
			);
			name = Pods;
			sourceTree = "<group>";
		};
		907EE5924202AF67DD4D7F37 /* Frameworks */ = {
			isa = PBXGroup;
			children = (
				466FF23488B0F30C21FD8A1F /* Pods_Todoey.framework */,
			);
			name = Frameworks;
			sourceTree = "<group>";
		};
		A32E2FE6209F30F5004FFBCD = {
			isa = PBXGroup;
			children = (
				A32E2FF1209F30F5004FFBCD /* Todoey */,
				A32E2FF0209F30F5004FFBCD /* Products */,
				488F2080D5CB06080774CB5C /* Pods */,
				907EE5924202AF67DD4D7F37 /* Frameworks */,
			);
			sourceTree = "<group>";
		};
		A32E2FF0209F30F5004FFBCD /* Products */ = {
			isa = PBXGroup;
			children = (
				A32E2FEF209F30F5004FFBCD /* Todoey.app */,
			);
			name = Products;
			sourceTree = "<group>";
		};
		A32E2FF1209F30F5004FFBCD /* Todoey */ = {
			isa = PBXGroup;
			children = (
				A32E2FF2209F30F5004FFBCD /* AppDelegate.swift */,
				A32E300720A32B68004FFBCD /* Controllers */,
				A32E300620A32B2C004FFBCD /* Data Model */,
				A32E300820A32B98004FFBCD /* Views */,
				A32E300920A32BB9004FFBCD /* Supporting Files */,
				A32E2FFE209F310A004FFBCD /* Info.plist */,
			);
			path = Todoey;
			sourceTree = "<group>";
		};
		A32E300620A32B2C004FFBCD /* Data Model */ = {
			isa = PBXGroup;
			children = (
				A3D15CA520AAE3FF00C4C31D /* Category.swift */,
				A3D15CA320AAE3EC00C4C31D /* Item.swift */,
			);
			path = "Data Model";
			sourceTree = "<group>";
		};
		A32E300720A32B68004FFBCD /* Controllers */ = {
			isa = PBXGroup;
			children = (
				A390940520A9733600ED8234 /* CatagoryViewController.swift */,
				A32E2FF4209F30F5004FFBCD /* TodoListViewController.swift */,
			);
			path = Controllers;
			sourceTree = "<group>";
		};
		A32E300820A32B98004FFBCD /* Views */ = {
			isa = PBXGroup;
			children = (
				A32E2FF6209F30F5004FFBCD /* Main.storyboard */,
			);
			path = Views;
			sourceTree = "<group>";
		};
		A32E300920A32BB9004FFBCD /* Supporting Files */ = {
			isa = PBXGroup;
			children = (
				A32E2FF9209F310A004FFBCD /* Assets.xcassets */,
				A32E2FFB209F310A004FFBCD /* LaunchScreen.storyboard */,
			);
			path = "Supporting Files";
			sourceTree = "<group>";
		};
/* End PBXGroup section */

/* Begin PBXNativeTarget section */
		A32E2FEE209F30F5004FFBCD /* Todoey */ = {
			isa = PBXNativeTarget;
			buildConfigurationList = A32E3001209F310A004FFBCD /* Build configuration list for PBXNativeTarget "Todoey" */;
			buildPhases = (
				72BB9FE55D14EFD9A9CD1F63 /* [CP] Check Pods Manifest.lock */,
				A32E2FEB209F30F5004FFBCD /* Sources */,
				A32E2FEC209F30F5004FFBCD /* Frameworks */,
				A32E2FED209F30F5004FFBCD /* Resources */,
				FF361EA04FC731B717CF0D14 /* [CP] Embed Pods Frameworks */,
			);
			buildRules = (
			);
			dependencies = (
			);
			name = Todoey;
			productName = Todoey;
			productReference = A32E2FEF209F30F5004FFBCD /* Todoey.app */;
			productType = "com.apple.product-type.application";
		};
/* End PBXNativeTarget section */

/* Begin PBXProject section */
		A32E2FE7209F30F5004FFBCD /* Project object */ = {
			isa = PBXProject;
			attributes = {
				LastSwiftUpdateCheck = 0930;
				LastUpgradeCheck = 0930;
				ORGANIZATIONNAME = GAKKIE;
				TargetAttributes = {
					A32E2FEE209F30F5004FFBCD = {
						CreatedOnToolsVersion = 9.3;
					};
				};
			};
			buildConfigurationList = A32E2FEA209F30F5004FFBCD /* Build configuration list for PBXProject "Todoey" */;
			compatibilityVersion = "Xcode 9.3";
			developmentRegion = en;
			hasScannedForEncodings = 0;
			knownRegions = (
				en,
				Base,
			);
			mainGroup = A32E2FE6209F30F5004FFBCD;
			productRefGroup = A32E2FF0209F30F5004FFBCD /* Products */;
			projectDirPath = "";
			projectRoot = "";
			targets = (
				A32E2FEE209F30F5004FFBCD /* Todoey */,
			);
		};
/* End PBXProject section */

/* Begin PBXResourcesBuildPhase section */
		A32E2FED209F30F5004FFBCD /* Resources */ = {
			isa = PBXResourcesBuildPhase;
			buildActionMask = 2147483647;
			files = (
				A32E2FFD209F310A004FFBCD /* LaunchScreen.storyboard in Resources */,
				A32E2FFA209F310A004FFBCD /* Assets.xcassets in Resources */,
				A32E2FF8209F30F5004FFBCD /* Main.storyboard in Resources */,
			);
			runOnlyForDeploymentPostprocessing = 0;
		};
/* End PBXResourcesBuildPhase section */

/* Begin PBXShellScriptBuildPhase section */
		72BB9FE55D14EFD9A9CD1F63 /* [CP] Check Pods Manifest.lock */ = {
			isa = PBXShellScriptBuildPhase;
			buildActionMask = 2147483647;
			files = (
			);
			inputPaths = (
				"${PODS_PODFILE_DIR_PATH}/Podfile.lock",
				"${PODS_ROOT}/Manifest.lock",
			);
			name = "[CP] Check Pods Manifest.lock";
			outputPaths = (
				"$(DERIVED_FILE_DIR)/Pods-Todoey-checkManifestLockResult.txt",
			);
			runOnlyForDeploymentPostprocessing = 0;
			shellPath = /bin/sh;
			shellScript = "diff \"${PODS_PODFILE_DIR_PATH}/Podfile.lock\" \"${PODS_ROOT}/Manifest.lock\" > /dev/null\nif [ $? != 0 ] ; then\n    # print error to STDERR\n    echo \"error: The sandbox is not in sync with the Podfile.lock. Run 'pod install' or update your CocoaPods installation.\" >&2\n    exit 1\nfi\n# This output is used by Xcode 'outputs' to avoid re-running this script phase.\necho \"SUCCESS\" > \"${SCRIPT_OUTPUT_FILE_0}\"\n";
			showEnvVarsInLog = 0;
		};
		FF361EA04FC731B717CF0D14 /* [CP] Embed Pods Frameworks */ = {
			isa = PBXShellScriptBuildPhase;
			buildActionMask = 2147483647;
			files = (
			);
			inputPaths = (
				"${SRCROOT}/Pods/Target Support Files/Pods-Todoey/Pods-Todoey-frameworks.sh",
				"${BUILT_PRODUCTS_DIR}/Realm/Realm.framework",
				"${BUILT_PRODUCTS_DIR}/RealmSwift/RealmSwift.framework",
			);
			name = "[CP] Embed Pods Frameworks";
			outputPaths = (
				"${TARGET_BUILD_DIR}/${FRAMEWORKS_FOLDER_PATH}/Realm.framework",
				"${TARGET_BUILD_DIR}/${FRAMEWORKS_FOLDER_PATH}/RealmSwift.framework",
			);
			runOnlyForDeploymentPostprocessing = 0;
			shellPath = /bin/sh;
			shellScript = "\"${SRCROOT}/Pods/Target Support Files/Pods-Todoey/Pods-Todoey-frameworks.sh\"\n";
			showEnvVarsInLog = 0;
		};
/* End PBXShellScriptBuildPhase section */

/* Begin PBXSourcesBuildPhase section */
		A32E2FEB209F30F5004FFBCD /* Sources */ = {
			isa = PBXSourcesBuildPhase;
			buildActionMask = 2147483647;
			files = (
				A3D15CA420AAE3EC00C4C31D /* Item.swift in Sources */,
				A390940620A9733600ED8234 /* CatagoryViewController.swift in Sources */,
				A32E2FF5209F30F5004FFBCD /* TodoListViewController.swift in Sources */,
				A32E2FF3209F30F5004FFBCD /* AppDelegate.swift in Sources */,
				A3D15CA620AAE3FF00C4C31D /* Category.swift in Sources */,
			);
			runOnlyForDeploymentPostprocessing = 0;
		};
/* End PBXSourcesBuildPhase section */

/* Begin PBXVariantGroup section */
		A32E2FF6209F30F5004FFBCD /* Main.storyboard */ = {
			isa = PBXVariantGroup;
			children = (
				A32E2FF7209F30F5004FFBCD /* Base */,
			);
			name = Main.storyboard;
			sourceTree = "<group>";
		};
		A32E2FFB209F310A004FFBCD /* LaunchScreen.storyboard */ = {
			isa = PBXVariantGroup;
			children = (
				A32E2FFC209F310A004FFBCD /* Base */,
			);
			name = LaunchScreen.storyboard;
			sourceTree = "<group>";
		};
/* End PBXVariantGroup section */

/* Begin XCBuildConfiguration section */
		A32E2FFF209F310A004FFBCD /* Debug */ = {
			isa = XCBuildConfiguration;
			buildSettings = {
				ALWAYS_SEARCH_USER_PATHS = NO;
				CLANG_ANALYZER_NONNULL = YES;
				CLANG_ANALYZER_NUMBER_OBJECT_CONVERSION = YES_AGGRESSIVE;
				CLANG_CXX_LANGUAGE_STANDARD = "gnu++14";
				CLANG_CXX_LIBRARY = "libc++";
				CLANG_ENABLE_MODULES = YES;
				CLANG_ENABLE_OBJC_ARC = YES;
				CLANG_ENABLE_OBJC_WEAK = YES;
				CLANG_WARN_BLOCK_CAPTURE_AUTORELEASING = YES;
				CLANG_WARN_BOOL_CONVERSION = YES;
				CLANG_WARN_COMMA = YES;
				CLANG_WARN_CONSTANT_CONVERSION = YES;
				CLANG_WARN_DEPRECATED_OBJC_IMPLEMENTATIONS = YES;
				CLANG_WARN_DIRECT_OBJC_ISA_USAGE = YES_ERROR;
				CLANG_WARN_DOCUMENTATION_COMMENTS = YES;
				CLANG_WARN_EMPTY_BODY = YES;
				CLANG_WARN_ENUM_CONVERSION = YES;
				CLANG_WARN_INFINITE_RECURSION = YES;
				CLANG_WARN_INT_CONVERSION = YES;
				CLANG_WARN_NON_LITERAL_NULL_CONVERSION = YES;
				CLANG_WARN_OBJC_IMPLICIT_RETAIN_SELF = YES;
				CLANG_WARN_OBJC_LITERAL_CONVERSION = YES;
				CLANG_WARN_OBJC_ROOT_CLASS = YES_ERROR;
				CLANG_WARN_RANGE_LOOP_ANALYSIS = YES;
				CLANG_WARN_STRICT_PROTOTYPES = YES;
				CLANG_WARN_SUSPICIOUS_MOVE = YES;
				CLANG_WARN_UNGUARDED_AVAILABILITY = YES_AGGRESSIVE;
				CLANG_WARN_UNREACHABLE_CODE = YES;
				CLANG_WARN__DUPLICATE_METHOD_MATCH = YES;
				CODE_SIGN_IDENTITY = "iPhone Developer";
				COPY_PHASE_STRIP = NO;
				DEBUG_INFORMATION_FORMAT = dwarf;
				ENABLE_STRICT_OBJC_MSGSEND = YES;
				ENABLE_TESTABILITY = YES;
				GCC_C_LANGUAGE_STANDARD = gnu11;
				GCC_DYNAMIC_NO_PIC = NO;
				GCC_NO_COMMON_BLOCKS = YES;
				GCC_OPTIMIZATION_LEVEL = 0;
				GCC_PREPROCESSOR_DEFINITIONS = (
					"DEBUG=1",
					"$(inherited)",
				);
				GCC_WARN_64_TO_32_BIT_CONVERSION = YES;
				GCC_WARN_ABOUT_RETURN_TYPE = YES_ERROR;
				GCC_WARN_UNDECLARED_SELECTOR = YES;
				GCC_WARN_UNINITIALIZED_AUTOS = YES_AGGRESSIVE;
				GCC_WARN_UNUSED_FUNCTION = YES;
				GCC_WARN_UNUSED_VARIABLE = YES;
				IPHONEOS_DEPLOYMENT_TARGET = 11.3;
				MTL_ENABLE_DEBUG_INFO = YES;
				ONLY_ACTIVE_ARCH = YES;
				SDKROOT = iphoneos;
				SWIFT_ACTIVE_COMPILATION_CONDITIONS = DEBUG;
				SWIFT_OPTIMIZATION_LEVEL = "-Onone";
			};
			name = Debug;
		};
		A32E3000209F310A004FFBCD /* Release */ = {
			isa = XCBuildConfiguration;
			buildSettings = {
				ALWAYS_SEARCH_USER_PATHS = NO;
				CLANG_ANALYZER_NONNULL = YES;
				CLANG_ANALYZER_NUMBER_OBJECT_CONVERSION = YES_AGGRESSIVE;
				CLANG_CXX_LANGUAGE_STANDARD = "gnu++14";
				CLANG_CXX_LIBRARY = "libc++";
				CLANG_ENABLE_MODULES = YES;
				CLANG_ENABLE_OBJC_ARC = YES;
				CLANG_ENABLE_OBJC_WEAK = YES;
				CLANG_WARN_BLOCK_CAPTURE_AUTORELEASING = YES;
				CLANG_WARN_BOOL_CONVERSION = YES;
				CLANG_WARN_COMMA = YES;
				CLANG_WARN_CONSTANT_CONVERSION = YES;
				CLANG_WARN_DEPRECATED_OBJC_IMPLEMENTATIONS = YES;
				CLANG_WARN_DIRECT_OBJC_ISA_USAGE = YES_ERROR;
				CLANG_WARN_DOCUMENTATION_COMMENTS = YES;
				CLANG_WARN_EMPTY_BODY = YES;
				CLANG_WARN_ENUM_CONVERSION = YES;
				CLANG_WARN_INFINITE_RECURSION = YES;
				CLANG_WARN_INT_CONVERSION = YES;
				CLANG_WARN_NON_LITERAL_NULL_CONVERSION = YES;
				CLANG_WARN_OBJC_IMPLICIT_RETAIN_SELF = YES;
				CLANG_WARN_OBJC_LITERAL_CONVERSION = YES;
				CLANG_WARN_OBJC_ROOT_CLASS = YES_ERROR;
				CLANG_WARN_RANGE_LOOP_ANALYSIS = YES;
				CLANG_WARN_STRICT_PROTOTYPES = YES;
				CLANG_WARN_SUSPICIOUS_MOVE = YES;
				CLANG_WARN_UNGUARDED_AVAILABILITY = YES_AGGRESSIVE;
				CLANG_WARN_UNREACHABLE_CODE = YES;
				CLANG_WARN__DUPLICATE_METHOD_MATCH = YES;
				CODE_SIGN_IDENTITY = "iPhone Developer";
				COPY_PHASE_STRIP = NO;
				DEBUG_INFORMATION_FORMAT = "dwarf-with-dsym";
				ENABLE_NS_ASSERTIONS = NO;
				ENABLE_STRICT_OBJC_MSGSEND = YES;
				GCC_C_LANGUAGE_STANDARD = gnu11;
				GCC_NO_COMMON_BLOCKS = YES;
				GCC_WARN_64_TO_32_BIT_CONVERSION = YES;
				GCC_WARN_ABOUT_RETURN_TYPE = YES_ERROR;
				GCC_WARN_UNDECLARED_SELECTOR = YES;
				GCC_WARN_UNINITIALIZED_AUTOS = YES_AGGRESSIVE;
				GCC_WARN_UNUSED_FUNCTION = YES;
				GCC_WARN_UNUSED_VARIABLE = YES;
				IPHONEOS_DEPLOYMENT_TARGET = 11.3;
				MTL_ENABLE_DEBUG_INFO = NO;
				SDKROOT = iphoneos;
				SWIFT_COMPILATION_MODE = wholemodule;
				SWIFT_OPTIMIZATION_LEVEL = "-O";
				VALIDATE_PRODUCT = YES;
			};
			name = Release;
		};
		A32E3002209F310A004FFBCD /* Debug */ = {
			isa = XCBuildConfiguration;
			baseConfigurationReference = 63962940587601C9C38F67DD /* Pods-Todoey.debug.xcconfig */;
			buildSettings = {
				ASSETCATALOG_COMPILER_APPICON_NAME = AppIcon;
				CODE_SIGN_STYLE = Automatic;
				DEVELOPMENT_TEAM = K5CQJLSYM2;
				INFOPLIST_FILE = Todoey/Info.plist;
				LD_RUNPATH_SEARCH_PATHS = (
					"$(inherited)",
					"@executable_path/Frameworks",
				);
				PRODUCT_BUNDLE_IDENTIFIER = nl.gakkie.Todoey;
				PRODUCT_NAME = "$(TARGET_NAME)";
				SWIFT_VERSION = 4.0;
				TARGETED_DEVICE_FAMILY = "1,2";
			};
			name = Debug;
		};
		A32E3003209F310A004FFBCD /* Release */ = {
			isa = XCBuildConfiguration;
			baseConfigurationReference = 893255FA96D60128308FABC4 /* Pods-Todoey.release.xcconfig */;
			buildSettings = {
				ASSETCATALOG_COMPILER_APPICON_NAME = AppIcon;
				CODE_SIGN_STYLE = Automatic;
				DEVELOPMENT_TEAM = K5CQJLSYM2;
				INFOPLIST_FILE = Todoey/Info.plist;
				LD_RUNPATH_SEARCH_PATHS = (
					"$(inherited)",
					"@executable_path/Frameworks",
				);
				PRODUCT_BUNDLE_IDENTIFIER = nl.gakkie.Todoey;
				PRODUCT_NAME = "$(TARGET_NAME)";
				SWIFT_VERSION = 4.0;
				TARGETED_DEVICE_FAMILY = "1,2";
			};
			name = Release;
		};
/* End XCBuildConfiguration section */

/* Begin XCConfigurationList section */
		A32E2FEA209F30F5004FFBCD /* Build configuration list for PBXProject "Todoey" */ = {
			isa = XCConfigurationList;
			buildConfigurations = (
				A32E2FFF209F310A004FFBCD /* Debug */,
				A32E3000209F310A004FFBCD /* Release */,
			);
			defaultConfigurationIsVisible = 0;
			defaultConfigurationName = Release;
		};
		A32E3001209F310A004FFBCD /* Build configuration list for PBXNativeTarget "Todoey" */ = {
			isa = XCConfigurationList;
			buildConfigurations = (
				A32E3002209F310A004FFBCD /* Debug */,
				A32E3003209F310A004FFBCD /* Release */,
			);
			defaultConfigurationIsVisible = 0;
			defaultConfigurationName = Release;
		};
/* End XCConfigurationList section */
	};
	rootObject = A32E2FE7209F30F5004FFBCD /* Project object */;
}
